// !$*UTF8*$!
{
	archiveVersion = 1;
	classes = {
	};
	objectVersion = 56;
	objects = {

/* Begin PBXBuildFile section */
		8A8868E828F447C7007193FF /* CatGramApp.swift in Sources */ = {isa = PBXBuildFile; fileRef = 8A8868E728F447C7007193FF /* CatGramApp.swift */; };
		8A8868EA28F447C7007193FF /* ContentView.swift in Sources */ = {isa = PBXBuildFile; fileRef = 8A8868E928F447C7007193FF /* ContentView.swift */; };
		8A8868EC28F447C8007193FF /* Assets.xcassets in Resources */ = {isa = PBXBuildFile; fileRef = 8A8868EB28F447C8007193FF /* Assets.xcassets */; };
		8A8868EF28F447C8007193FF /* Preview Assets.xcassets in Resources */ = {isa = PBXBuildFile; fileRef = 8A8868EE28F447C8007193FF /* Preview Assets.xcassets */; };
		8A8868FA28F83F77007193FF /* LaunchScreen.storyboard in Resources */ = {isa = PBXBuildFile; fileRef = 8A8868F928F83F77007193FF /* LaunchScreen.storyboard */; };
		8A88690228F9C166007193FF /* Extensions.swift in Sources */ = {isa = PBXBuildFile; fileRef = 8A88690128F9C166007193FF /* Extensions.swift */; };
		8A88690628F9C3F1007193FF /* FeedView.swift in Sources */ = {isa = PBXBuildFile; fileRef = 8A88690528F9C3F1007193FF /* FeedView.swift */; };
		8A88690828F9C4F7007193FF /* PostView.swift in Sources */ = {isa = PBXBuildFile; fileRef = 8A88690728F9C4F7007193FF /* PostView.swift */; };
		8A88690B28FD789C007193FF /* PostModel.swift in Sources */ = {isa = PBXBuildFile; fileRef = 8A88690A28FD789C007193FF /* PostModel.swift */; };
		8A88690D28FD7CBA007193FF /* PostArrayObject.swift in Sources */ = {isa = PBXBuildFile; fileRef = 8A88690C28FD7CBA007193FF /* PostArrayObject.swift */; };
		8A88690F28FD8144007193FF /* CommentsView.swift in Sources */ = {isa = PBXBuildFile; fileRef = 8A88690E28FD8144007193FF /* CommentsView.swift */; };
		8A88691128FD85BB007193FF /* MessageView.swift in Sources */ = {isa = PBXBuildFile; fileRef = 8A88691028FD85BB007193FF /* MessageView.swift */; };
		8A88691328FD870F007193FF /* CommentModel.swift in Sources */ = {isa = PBXBuildFile; fileRef = 8A88691228FD870F007193FF /* CommentModel.swift */; };
		8A88691528FD8E21007193FF /* BrowseView.swift in Sources */ = {isa = PBXBuildFile; fileRef = 8A88691428FD8E21007193FF /* BrowseView.swift */; };
		8A88691728FD8F9F007193FF /* CarousselView.swift in Sources */ = {isa = PBXBuildFile; fileRef = 8A88691628FD8F9F007193FF /* CarousselView.swift */; };
/* End PBXBuildFile section */

/* Begin PBXFileReference section */
		8A8868E428F447C7007193FF /* CatGram.app */ = {isa = PBXFileReference; explicitFileType = wrapper.application; includeInIndex = 0; path = CatGram.app; sourceTree = BUILT_PRODUCTS_DIR; };
		8A8868E728F447C7007193FF /* CatGramApp.swift */ = {isa = PBXFileReference; lastKnownFileType = sourcecode.swift; path = CatGramApp.swift; sourceTree = "<group>"; };
		8A8868E928F447C7007193FF /* ContentView.swift */ = {isa = PBXFileReference; lastKnownFileType = sourcecode.swift; path = ContentView.swift; sourceTree = "<group>"; };
		8A8868EB28F447C8007193FF /* Assets.xcassets */ = {isa = PBXFileReference; lastKnownFileType = folder.assetcatalog; path = Assets.xcassets; sourceTree = "<group>"; };
		8A8868EE28F447C8007193FF /* Preview Assets.xcassets */ = {isa = PBXFileReference; lastKnownFileType = folder.assetcatalog; path = "Preview Assets.xcassets"; sourceTree = "<group>"; };
		8A8868F928F83F77007193FF /* LaunchScreen.storyboard */ = {isa = PBXFileReference; lastKnownFileType = file.storyboard; path = LaunchScreen.storyboard; sourceTree = "<group>"; };
		8A8868FF28F9BD70007193FF /* CatGram.entitlements */ = {isa = PBXFileReference; lastKnownFileType = text.plist.entitlements; path = CatGram.entitlements; sourceTree = "<group>"; };
		8A88690128F9C166007193FF /* Extensions.swift */ = {isa = PBXFileReference; lastKnownFileType = sourcecode.swift; path = Extensions.swift; sourceTree = "<group>"; };
		8A88690528F9C3F1007193FF /* FeedView.swift */ = {isa = PBXFileReference; lastKnownFileType = sourcecode.swift; path = FeedView.swift; sourceTree = "<group>"; };
		8A88690728F9C4F7007193FF /* PostView.swift */ = {isa = PBXFileReference; lastKnownFileType = sourcecode.swift; path = PostView.swift; sourceTree = "<group>"; };
		8A88690A28FD789C007193FF /* PostModel.swift */ = {isa = PBXFileReference; lastKnownFileType = sourcecode.swift; path = PostModel.swift; sourceTree = "<group>"; };
		8A88690C28FD7CBA007193FF /* PostArrayObject.swift */ = {isa = PBXFileReference; lastKnownFileType = sourcecode.swift; path = PostArrayObject.swift; sourceTree = "<group>"; };
		8A88690E28FD8144007193FF /* CommentsView.swift */ = {isa = PBXFileReference; lastKnownFileType = sourcecode.swift; path = CommentsView.swift; sourceTree = "<group>"; };
		8A88691028FD85BB007193FF /* MessageView.swift */ = {isa = PBXFileReference; lastKnownFileType = sourcecode.swift; path = MessageView.swift; sourceTree = "<group>"; };
		8A88691228FD870F007193FF /* CommentModel.swift */ = {isa = PBXFileReference; lastKnownFileType = sourcecode.swift; path = CommentModel.swift; sourceTree = "<group>"; };
		8A88691428FD8E21007193FF /* BrowseView.swift */ = {isa = PBXFileReference; lastKnownFileType = sourcecode.swift; path = BrowseView.swift; sourceTree = "<group>"; };
		8A88691628FD8F9F007193FF /* CarousselView.swift */ = {isa = PBXFileReference; lastKnownFileType = sourcecode.swift; path = CarousselView.swift; sourceTree = "<group>"; };
/* End PBXFileReference section */

/* Begin PBXFrameworksBuildPhase section */
		8A8868E128F447C7007193FF /* Frameworks */ = {
			isa = PBXFrameworksBuildPhase;
			buildActionMask = 2147483647;
			files = (
			);
			runOnlyForDeploymentPostprocessing = 0;
		};
/* End PBXFrameworksBuildPhase section */

/* Begin PBXGroup section */
		8A8868DB28F447C7007193FF = {
			isa = PBXGroup;
			children = (
				8A8868E628F447C7007193FF /* CatGram */,
				8A8868E528F447C7007193FF /* Products */,
				8A8868F628F5A1B3007193FF /* Frameworks */,
			);
			sourceTree = "<group>";
		};
		8A8868E528F447C7007193FF /* Products */ = {
			isa = PBXGroup;
			children = (
				8A8868E428F447C7007193FF /* CatGram.app */,
			);
			name = Products;
			sourceTree = "<group>";
		};
		8A8868E628F447C7007193FF /* CatGram */ = {
			isa = PBXGroup;
			children = (
				8A88690928FD788A007193FF /* Model */,
				8A88690028F9C15A007193FF /* Helpers */,
				8A8868FC28F9BCBD007193FF /* Views */,
				8A8868ED28F447C8007193FF /* Preview Content */,
				8A8868FB28F9BC14007193FF /* Utils */,
			);
			path = CatGram;
			sourceTree = "<group>";
		};
		8A8868ED28F447C8007193FF /* Preview Content */ = {
			isa = PBXGroup;
			children = (
				8A8868EE28F447C8007193FF /* Preview Assets.xcassets */,
			);
			path = "Preview Content";
			sourceTree = "<group>";
		};
		8A8868F628F5A1B3007193FF /* Frameworks */ = {
			isa = PBXGroup;
			children = (
			);
			name = Frameworks;
			sourceTree = "<group>";
		};
		8A8868FB28F9BC14007193FF /* Utils */ = {
			isa = PBXGroup;
			children = (
				8A8868FF28F9BD70007193FF /* CatGram.entitlements */,
				8A8868EB28F447C8007193FF /* Assets.xcassets */,
				8A8868F928F83F77007193FF /* LaunchScreen.storyboard */,
			);
			path = Utils;
			sourceTree = "<group>";
		};
		8A8868FC28F9BCBD007193FF /* Views */ = {
			isa = PBXGroup;
			children = (
				8A8868FE28F9BCCC007193FF /* Subviews */,
				8A8868FD28F9BCC4007193FF /* Screens */,
			);
			path = Views;
			sourceTree = "<group>";
		};
		8A8868FD28F9BCC4007193FF /* Screens */ = {
			isa = PBXGroup;
			children = (
				8A8868E728F447C7007193FF /* CatGramApp.swift */,
				8A8868E928F447C7007193FF /* ContentView.swift */,
				8A88690528F9C3F1007193FF /* FeedView.swift */,
				8A88690E28FD8144007193FF /* CommentsView.swift */,
				8A88691428FD8E21007193FF /* BrowseView.swift */,
			);
			path = Screens;
			sourceTree = "<group>";
		};
		8A8868FE28F9BCCC007193FF /* Subviews */ = {
			isa = PBXGroup;
			children = (
				8A88690728F9C4F7007193FF /* PostView.swift */,
				8A88691028FD85BB007193FF /* MessageView.swift */,
				8A88691628FD8F9F007193FF /* CarousselView.swift */,
			);
			path = Subviews;
			sourceTree = "<group>";
		};
		8A88690028F9C15A007193FF /* Helpers */ = {
			isa = PBXGroup;
			children = (
				8A88690128F9C166007193FF /* Extensions.swift */,
			);
			path = Helpers;
			sourceTree = "<group>";
		};
		8A88690928FD788A007193FF /* Model */ = {
			isa = PBXGroup;
			children = (
				8A88690A28FD789C007193FF /* PostModel.swift */,
				8A88690C28FD7CBA007193FF /* PostArrayObject.swift */,
				8A88691228FD870F007193FF /* CommentModel.swift */,
			);
			path = Model;
			sourceTree = "<group>";
		};
/* End PBXGroup section */

/* Begin PBXNativeTarget section */
		8A8868E328F447C7007193FF /* CatGram */ = {
			isa = PBXNativeTarget;
			buildConfigurationList = 8A8868F228F447C8007193FF /* Build configuration list for PBXNativeTarget "CatGram" */;
			buildPhases = (
				8A8868E028F447C7007193FF /* Sources */,
				8A8868E128F447C7007193FF /* Frameworks */,
				8A8868E228F447C7007193FF /* Resources */,
			);
			buildRules = (
			);
			dependencies = (
			);
			name = CatGram;
			productName = CatGram;
			productReference = 8A8868E428F447C7007193FF /* CatGram.app */;
			productType = "com.apple.product-type.application";
		};
/* End PBXNativeTarget section */

/* Begin PBXProject section */
		8A8868DC28F447C7007193FF /* Project object */ = {
			isa = PBXProject;
			attributes = {
				BuildIndependentTargetsInParallel = 1;
				LastSwiftUpdateCheck = 1400;
				LastUpgradeCheck = 1400;
				TargetAttributes = {
					8A8868E328F447C7007193FF = {
						CreatedOnToolsVersion = 14.0.1;
					};
				};
			};
			buildConfigurationList = 8A8868DF28F447C7007193FF /* Build configuration list for PBXProject "CatGram" */;
			compatibilityVersion = "Xcode 14.0";
			developmentRegion = en;
			hasScannedForEncodings = 0;
			knownRegions = (
				en,
				Base,
			);
			mainGroup = 8A8868DB28F447C7007193FF;
			productRefGroup = 8A8868E528F447C7007193FF /* Products */;
			projectDirPath = "";
			projectRoot = "";
			targets = (
				8A8868E328F447C7007193FF /* CatGram */,
			);
		};
/* End PBXProject section */

/* Begin PBXResourcesBuildPhase section */
		8A8868E228F447C7007193FF /* Resources */ = {
			isa = PBXResourcesBuildPhase;
			buildActionMask = 2147483647;
			files = (
				8A8868FA28F83F77007193FF /* LaunchScreen.storyboard in Resources */,
				8A8868EF28F447C8007193FF /* Preview Assets.xcassets in Resources */,
				8A8868EC28F447C8007193FF /* Assets.xcassets in Resources */,
			);
			runOnlyForDeploymentPostprocessing = 0;
		};
/* End PBXResourcesBuildPhase section */

/* Begin PBXSourcesBuildPhase section */
		8A8868E028F447C7007193FF /* Sources */ = {
			isa = PBXSourcesBuildPhase;
			buildActionMask = 2147483647;
			files = (
				8A88690628F9C3F1007193FF /* FeedView.swift in Sources */,
				8A88690B28FD789C007193FF /* PostModel.swift in Sources */,
				8A88691728FD8F9F007193FF /* CarousselView.swift in Sources */,
				8A8868EA28F447C7007193FF /* ContentView.swift in Sources */,
				8A88691128FD85BB007193FF /* MessageView.swift in Sources */,
				8A88690228F9C166007193FF /* Extensions.swift in Sources */,
				8A88690D28FD7CBA007193FF /* PostArrayObject.swift in Sources */,
				8A88690828F9C4F7007193FF /* PostView.swift in Sources */,
				8A88691528FD8E21007193FF /* BrowseView.swift in Sources */,
				8A88691328FD870F007193FF /* CommentModel.swift in Sources */,
				8A88690F28FD8144007193FF /* CommentsView.swift in Sources */,
				8A8868E828F447C7007193FF /* CatGramApp.swift in Sources */,
			);
			runOnlyForDeploymentPostprocessing = 0;
		};
/* End PBXSourcesBuildPhase section */

/* Begin XCBuildConfiguration section */
		8A8868F028F447C8007193FF /* Debug */ = {
			isa = XCBuildConfiguration;
			buildSettings = {
				ALWAYS_SEARCH_USER_PATHS = NO;
				CLANG_ANALYZER_NONNULL = YES;
				CLANG_ANALYZER_NUMBER_OBJECT_CONVERSION = YES_AGGRESSIVE;
				CLANG_CXX_LANGUAGE_STANDARD = "gnu++20";
				CLANG_ENABLE_MODULES = YES;
				CLANG_ENABLE_OBJC_ARC = YES;
				CLANG_ENABLE_OBJC_WEAK = YES;
				CLANG_WARN_BLOCK_CAPTURE_AUTORELEASING = YES;
				CLANG_WARN_BOOL_CONVERSION = YES;
				CLANG_WARN_COMMA = YES;
				CLANG_WARN_CONSTANT_CONVERSION = YES;
				CLANG_WARN_DEPRECATED_OBJC_IMPLEMENTATIONS = YES;
				CLANG_WARN_DIRECT_OBJC_ISA_USAGE = YES_ERROR;
				CLANG_WARN_DOCUMENTATION_COMMENTS = YES;
				CLANG_WARN_EMPTY_BODY = YES;
				CLANG_WARN_ENUM_CONVERSION = YES;
				CLANG_WARN_INFINITE_RECURSION = YES;
				CLANG_WARN_INT_CONVERSION = YES;
				CLANG_WARN_NON_LITERAL_NULL_CONVERSION = YES;
				CLANG_WARN_OBJC_IMPLICIT_RETAIN_SELF = YES;
				CLANG_WARN_OBJC_LITERAL_CONVERSION = YES;
				CLANG_WARN_OBJC_ROOT_CLASS = YES_ERROR;
				CLANG_WARN_QUOTED_INCLUDE_IN_FRAMEWORK_HEADER = YES;
				CLANG_WARN_RANGE_LOOP_ANALYSIS = YES;
				CLANG_WARN_STRICT_PROTOTYPES = YES;
				CLANG_WARN_SUSPICIOUS_MOVE = YES;
				CLANG_WARN_UNGUARDED_AVAILABILITY = YES_AGGRESSIVE;
				CLANG_WARN_UNREACHABLE_CODE = YES;
				CLANG_WARN__DUPLICATE_METHOD_MATCH = YES;
				COPY_PHASE_STRIP = NO;
				DEBUG_INFORMATION_FORMAT = dwarf;
				ENABLE_STRICT_OBJC_MSGSEND = YES;
				ENABLE_TESTABILITY = YES;
				GCC_C_LANGUAGE_STANDARD = gnu11;
				GCC_DYNAMIC_NO_PIC = NO;
				GCC_NO_COMMON_BLOCKS = YES;
				GCC_OPTIMIZATION_LEVEL = 0;
				GCC_PREPROCESSOR_DEFINITIONS = (
					"DEBUG=1",
					"$(inherited)",
				);
				GCC_WARN_64_TO_32_BIT_CONVERSION = YES;
				GCC_WARN_ABOUT_RETURN_TYPE = YES_ERROR;
				GCC_WARN_UNDECLARED_SELECTOR = YES;
				GCC_WARN_UNINITIALIZED_AUTOS = YES_AGGRESSIVE;
				GCC_WARN_UNUSED_FUNCTION = YES;
				GCC_WARN_UNUSED_VARIABLE = YES;
				IPHONEOS_DEPLOYMENT_TARGET = 16.0;
				MTL_ENABLE_DEBUG_INFO = INCLUDE_SOURCE;
				MTL_FAST_MATH = YES;
				ONLY_ACTIVE_ARCH = YES;
				SDKROOT = iphoneos;
				SWIFT_ACTIVE_COMPILATION_CONDITIONS = DEBUG;
				SWIFT_OPTIMIZATION_LEVEL = "-Onone";
			};
			name = Debug;
		};
		8A8868F128F447C8007193FF /* Release */ = {
			isa = XCBuildConfiguration;
			buildSettings = {
				ALWAYS_SEARCH_USER_PATHS = NO;
				CLANG_ANALYZER_NONNULL = YES;
				CLANG_ANALYZER_NUMBER_OBJECT_CONVERSION = YES_AGGRESSIVE;
				CLANG_CXX_LANGUAGE_STANDARD = "gnu++20";
				CLANG_ENABLE_MODULES = YES;
				CLANG_ENABLE_OBJC_ARC = YES;
				CLANG_ENABLE_OBJC_WEAK = YES;
				CLANG_WARN_BLOCK_CAPTURE_AUTORELEASING = YES;
				CLANG_WARN_BOOL_CONVERSION = YES;
				CLANG_WARN_COMMA = YES;
				CLANG_WARN_CONSTANT_CONVERSION = YES;
				CLANG_WARN_DEPRECATED_OBJC_IMPLEMENTATIONS = YES;
				CLANG_WARN_DIRECT_OBJC_ISA_USAGE = YES_ERROR;
				CLANG_WARN_DOCUMENTATION_COMMENTS = YES;
				CLANG_WARN_EMPTY_BODY = YES;
				CLANG_WARN_ENUM_CONVERSION = YES;
				CLANG_WARN_INFINITE_RECURSION = YES;
				CLANG_WARN_INT_CONVERSION = YES;
				CLANG_WARN_NON_LITERAL_NULL_CONVERSION = YES;
				CLANG_WARN_OBJC_IMPLICIT_RETAIN_SELF = YES;
				CLANG_WARN_OBJC_LITERAL_CONVERSION = YES;
				CLANG_WARN_OBJC_ROOT_CLASS = YES_ERROR;
				CLANG_WARN_QUOTED_INCLUDE_IN_FRAMEWORK_HEADER = YES;
				CLANG_WARN_RANGE_LOOP_ANALYSIS = YES;
				CLANG_WARN_STRICT_PROTOTYPES = YES;
				CLANG_WARN_SUSPICIOUS_MOVE = YES;
				CLANG_WARN_UNGUARDED_AVAILABILITY = YES_AGGRESSIVE;
				CLANG_WARN_UNREACHABLE_CODE = YES;
				CLANG_WARN__DUPLICATE_METHOD_MATCH = YES;
				COPY_PHASE_STRIP = NO;
				DEBUG_INFORMATION_FORMAT = "dwarf-with-dsym";
				ENABLE_NS_ASSERTIONS = NO;
				ENABLE_STRICT_OBJC_MSGSEND = YES;
				GCC_C_LANGUAGE_STANDARD = gnu11;
				GCC_NO_COMMON_BLOCKS = YES;
				GCC_WARN_64_TO_32_BIT_CONVERSION = YES;
				GCC_WARN_ABOUT_RETURN_TYPE = YES_ERROR;
				GCC_WARN_UNDECLARED_SELECTOR = YES;
				GCC_WARN_UNINITIALIZED_AUTOS = YES_AGGRESSIVE;
				GCC_WARN_UNUSED_FUNCTION = YES;
				GCC_WARN_UNUSED_VARIABLE = YES;
				IPHONEOS_DEPLOYMENT_TARGET = 16.0;
				MTL_ENABLE_DEBUG_INFO = NO;
				MTL_FAST_MATH = YES;
				SDKROOT = iphoneos;
				SWIFT_COMPILATION_MODE = wholemodule;
				SWIFT_OPTIMIZATION_LEVEL = "-O";
				VALIDATE_PRODUCT = YES;
			};
			name = Release;
		};
		8A8868F328F447C8007193FF /* Debug */ = {
			isa = XCBuildConfiguration;
			buildSettings = {
				ASSETCATALOG_COMPILER_APPICON_NAME = AppIcon;
				ASSETCATALOG_COMPILER_GLOBAL_ACCENT_COLOR_NAME = AccentColor;
				CODE_SIGN_ENTITLEMENTS = CatGram/Utils/CatGram.entitlements;
				CODE_SIGN_STYLE = Automatic;
				CURRENT_PROJECT_VERSION = 1;
				DEVELOPMENT_ASSET_PATHS = "\"CatGram/Preview Content\"";
				DEVELOPMENT_TEAM = P2J629LV45;
				ENABLE_PREVIEWS = YES;
				GENERATE_INFOPLIST_FILE = YES;
				INFOPLIST_KEY_CFBundleDisplayName = CatGram;
				INFOPLIST_KEY_LSApplicationCategoryType = "public.app-category.social-networking";
				INFOPLIST_KEY_UIApplicationSceneManifest_Generation = YES;
				INFOPLIST_KEY_UIApplicationSupportsIndirectInputEvents = YES;
				INFOPLIST_KEY_UILaunchScreen_Generation = YES;
				INFOPLIST_KEY_UILaunchStoryboardName = LaunchScreen.storyboard;
				INFOPLIST_KEY_UISupportedInterfaceOrientations = UIInterfaceOrientationPortrait;
				LD_RUNPATH_SEARCH_PATHS = (
					"$(inherited)",
					"@executable_path/Frameworks",
				);
				MARKETING_VERSION = 0.0.6;
				PRODUCT_BUNDLE_IDENTIFIER = com.iuryvasconcelos.CatGram;
				PRODUCT_NAME = "$(TARGET_NAME)";
				SUPPORTED_PLATFORMS = "iphoneos iphonesimulator";
				SUPPORTS_MACCATALYST = NO;
				SUPPORTS_MAC_DESIGNED_FOR_IPHONE_IPAD = NO;
				SWIFT_EMIT_LOC_STRINGS = YES;
				SWIFT_VERSION = 5.0;
				TARGETED_DEVICE_FAMILY = 1;
			};
			name = Debug;
		};
		8A8868F428F447C8007193FF /* Release */ = {
			isa = XCBuildConfiguration;
			buildSettings = {
				ASSETCATALOG_COMPILER_APPICON_NAME = AppIcon;
				ASSETCATALOG_COMPILER_GLOBAL_ACCENT_COLOR_NAME = AccentColor;
				CODE_SIGN_ENTITLEMENTS = CatGram/Utils/CatGram.entitlements;
				CODE_SIGN_STYLE = Automatic;
				CURRENT_PROJECT_VERSION = 1;
				DEVELOPMENT_ASSET_PATHS = "\"CatGram/Preview Content\"";
				DEVELOPMENT_TEAM = P2J629LV45;
				ENABLE_PREVIEWS = YES;
				GENERATE_INFOPLIST_FILE = YES;
				INFOPLIST_KEY_CFBundleDisplayName = CatGram;
				INFOPLIST_KEY_LSApplicationCategoryType = "public.app-category.social-networking";
				INFOPLIST_KEY_UIApplicationSceneManifest_Generation = YES;
				INFOPLIST_KEY_UIApplicationSupportsIndirectInputEvents = YES;
				INFOPLIST_KEY_UILaunchScreen_Generation = YES;
				INFOPLIST_KEY_UILaunchStoryboardName = LaunchScreen.storyboard;
				INFOPLIST_KEY_UISupportedInterfaceOrientations = UIInterfaceOrientationPortrait;
				LD_RUNPATH_SEARCH_PATHS = (
					"$(inherited)",
					"@executable_path/Frameworks",
				);
				MARKETING_VERSION = 0.0.6;
				PRODUCT_BUNDLE_IDENTIFIER = com.iuryvasconcelos.CatGram;
				PRODUCT_NAME = "$(TARGET_NAME)";
				SUPPORTED_PLATFORMS = "iphoneos iphonesimulator";
				SUPPORTS_MACCATALYST = NO;
				SUPPORTS_MAC_DESIGNED_FOR_IPHONE_IPAD = NO;
				SWIFT_EMIT_LOC_STRINGS = YES;
				SWIFT_VERSION = 5.0;
				TARGETED_DEVICE_FAMILY = 1;
			};
			name = Release;
		};
/* End XCBuildConfiguration section */

/* Begin XCConfigurationList section */
		8A8868DF28F447C7007193FF /* Build configuration list for PBXProject "CatGram" */ = {
			isa = XCConfigurationList;
			buildConfigurations = (
				8A8868F028F447C8007193FF /* Debug */,
				8A8868F128F447C8007193FF /* Release */,
			);
			defaultConfigurationIsVisible = 0;
			defaultConfigurationName = Release;
		};
		8A8868F228F447C8007193FF /* Build configuration list for PBXNativeTarget "CatGram" */ = {
			isa = XCConfigurationList;
			buildConfigurations = (
				8A8868F328F447C8007193FF /* Debug */,
				8A8868F428F447C8007193FF /* Release */,
			);
			defaultConfigurationIsVisible = 0;
			defaultConfigurationName = Release;
		};
/* End XCConfigurationList section */
	};
	rootObject = 8A8868DC28F447C7007193FF /* Project object */;
}
