// !$*UTF8*$!
{
	archiveVersion = 1;
	classes = {
	};
	objectVersion = 56;
	objects = {

/* Begin PBXBuildFile section */
		8A8868E828F447C7007193FF /* CatGramApp.swift in Sources */ = {isa = PBXBuildFile; fileRef = 8A8868E728F447C7007193FF /* CatGramApp.swift */; };
		8A8868EA28F447C7007193FF /* ContentView.swift in Sources */ = {isa = PBXBuildFile; fileRef = 8A8868E928F447C7007193FF /* ContentView.swift */; };
		8A8868EC28F447C8007193FF /* Assets.xcassets in Resources */ = {isa = PBXBuildFile; fileRef = 8A8868EB28F447C8007193FF /* Assets.xcassets */; };
		8A8868EF28F447C8007193FF /* Preview Assets.xcassets in Resources */ = {isa = PBXBuildFile; fileRef = 8A8868EE28F447C8007193FF /* Preview Assets.xcassets */; };
		8A8868FA28F83F77007193FF /* LaunchScreen.storyboard in Resources */ = {isa = PBXBuildFile; fileRef = 8A8868F928F83F77007193FF /* LaunchScreen.storyboard */; };
		8A88690228F9C166007193FF /* Extensions.swift in Sources */ = {isa = PBXBuildFile; fileRef = 8A88690128F9C166007193FF /* Extensions.swift */; };
		8A88690628F9C3F1007193FF /* FeedView.swift in Sources */ = {isa = PBXBuildFile; fileRef = 8A88690528F9C3F1007193FF /* FeedView.swift */; };
		8A88690828F9C4F7007193FF /* PostView.swift in Sources */ = {isa = PBXBuildFile; fileRef = 8A88690728F9C4F7007193FF /* PostView.swift */; };
		8A88690B28FD789C007193FF /* PostModel.swift in Sources */ = {isa = PBXBuildFile; fileRef = 8A88690A28FD789C007193FF /* PostModel.swift */; };
		8A88690D28FD7CBA007193FF /* PostArrayObject.swift in Sources */ = {isa = PBXBuildFile; fileRef = 8A88690C28FD7CBA007193FF /* PostArrayObject.swift */; };
		8A88690F28FD8144007193FF /* CommentsView.swift in Sources */ = {isa = PBXBuildFile; fileRef = 8A88690E28FD8144007193FF /* CommentsView.swift */; };
		8A88691128FD85BB007193FF /* MessageView.swift in Sources */ = {isa = PBXBuildFile; fileRef = 8A88691028FD85BB007193FF /* MessageView.swift */; };
		8A88691328FD870F007193FF /* CommentModel.swift in Sources */ = {isa = PBXBuildFile; fileRef = 8A88691228FD870F007193FF /* CommentModel.swift */; };
		8A88691528FD8E21007193FF /* BrowseView.swift in Sources */ = {isa = PBXBuildFile; fileRef = 8A88691428FD8E21007193FF /* BrowseView.swift */; };
		8A88691728FD8F9F007193FF /* CarousselView.swift in Sources */ = {isa = PBXBuildFile; fileRef = 8A88691628FD8F9F007193FF /* CarousselView.swift */; };
		8A88691928FDDB20007193FF /* ImageGridView.swift in Sources */ = {isa = PBXBuildFile; fileRef = 8A88691828FDDB20007193FF /* ImageGridView.swift */; };
		8A88691B28FDDF66007193FF /* UploadView.swift in Sources */ = {isa = PBXBuildFile; fileRef = 8A88691A28FDDF66007193FF /* UploadView.swift */; };
		8A88692428FECAAC007193FF /* PostImageView.swift in Sources */ = {isa = PBXBuildFile; fileRef = 8A88692328FECAAC007193FF /* PostImageView.swift */; };
		8A88692628FEDEF5007193FF /* ImagePicker.swift in Sources */ = {isa = PBXBuildFile; fileRef = 8A88692528FEDEF5007193FF /* ImagePicker.swift */; };
		8A88692828FEE865007193FF /* ProfileView.swift in Sources */ = {isa = PBXBuildFile; fileRef = 8A88692728FEE865007193FF /* ProfileView.swift */; };
		8A88692A28FEEC61007193FF /* ProfileHeaderView.swift in Sources */ = {isa = PBXBuildFile; fileRef = 8A88692928FEEC61007193FF /* ProfileHeaderView.swift */; };
		8A88692C28FF0519007193FF /* SettingsView.swift in Sources */ = {isa = PBXBuildFile; fileRef = 8A88692B28FF0519007193FF /* SettingsView.swift */; };
		8A88692E28FF06FB007193FF /* SettingsLabelView.swift in Sources */ = {isa = PBXBuildFile; fileRef = 8A88692D28FF06FB007193FF /* SettingsLabelView.swift */; };
		8A88693028FF094A007193FF /* SettingsRowView.swift in Sources */ = {isa = PBXBuildFile; fileRef = 8A88692F28FF094A007193FF /* SettingsRowView.swift */; };
		8A88693228FF0ED5007193FF /* SettingsEditTextView.swift in Sources */ = {isa = PBXBuildFile; fileRef = 8A88693128FF0ED5007193FF /* SettingsEditTextView.swift */; };
		8A88693428FF2C5C007193FF /* SettingsEditImageView.swift in Sources */ = {isa = PBXBuildFile; fileRef = 8A88693328FF2C5C007193FF /* SettingsEditImageView.swift */; };
		8A88693728FF441D007193FF /* Localizable.strings in Resources */ = {isa = PBXBuildFile; fileRef = 8A88693928FF441D007193FF /* Localizable.strings */; };
		8A8B66902906DFE00061610C /* SignInWithApple.swift in Sources */ = {isa = PBXBuildFile; fileRef = 8A8B668F2906DFE00061610C /* SignInWithApple.swift */; };
		8A8B66922906E7CA0061610C /* GoogleService-Info.plist in Resources */ = {isa = PBXBuildFile; fileRef = 8A8B66912906E7CA0061610C /* GoogleService-Info.plist */; };
		8AC741C22908046200E3DB90 /* AuthService.swift in Sources */ = {isa = PBXBuildFile; fileRef = 8AC741C12908046200E3DB90 /* AuthService.swift */; };
		8AC741C429084E8100E3DB90 /* Enums & Structs.swift in Sources */ = {isa = PBXBuildFile; fileRef = 8AC741C329084E8100E3DB90 /* Enums & Structs.swift */; };
		8AC741C62908515800E3DB90 /* ImageManager.swift in Sources */ = {isa = PBXBuildFile; fileRef = 8AC741C52908515800E3DB90 /* ImageManager.swift */; };
		8AD111682909BE2000E0439A /* MailSignInView.swift in Sources */ = {isa = PBXBuildFile; fileRef = 8AD111672909BE2000E0439A /* MailSignInView.swift */; };
		8AD1116A2909C20D00E0439A /* SignInWithMail.swift in Sources */ = {isa = PBXBuildFile; fileRef = 8AD111692909C20D00E0439A /* SignInWithMail.swift */; };
		8AD1116F290AB3DD00E0439A /* DataService.swift in Sources */ = {isa = PBXBuildFile; fileRef = 8AD1116E290AB3DD00E0439A /* DataService.swift */; };
		8AE2CB1B28FF460700486360 /* Localization.swift in Sources */ = {isa = PBXBuildFile; fileRef = 8AE2CB1A28FF460700486360 /* Localization.swift */; };
		8AE2CB1D29002D5500486360 /* SignUpView.swift in Sources */ = {isa = PBXBuildFile; fileRef = 8AE2CB1C29002D5500486360 /* SignUpView.swift */; };
		8AE2CB212900329A00486360 /* SignInWithAppleButtonCustom.swift in Sources */ = {isa = PBXBuildFile; fileRef = 8AE2CB202900329A00486360 /* SignInWithAppleButtonCustom.swift */; };
		8AE2CB23290047EE00486360 /* OnboardingView.swift in Sources */ = {isa = PBXBuildFile; fileRef = 8AE2CB22290047EE00486360 /* OnboardingView.swift */; };
		8AE2CB252900698300486360 /* LikeAnimationView.swift in Sources */ = {isa = PBXBuildFile; fileRef = 8AE2CB242900698300486360 /* LikeAnimationView.swift */; };
		8AFEFBCF2901B55500B2AB39 /* FirebaseAnalytics in Frameworks */ = {isa = PBXBuildFile; productRef = 8AFEFBCE2901B55500B2AB39 /* FirebaseAnalytics */; };
		8AFEFBD12901B55500B2AB39 /* FirebaseAuth in Frameworks */ = {isa = PBXBuildFile; productRef = 8AFEFBD02901B55500B2AB39 /* FirebaseAuth */; };
		8AFEFBD32901B55500B2AB39 /* FirebaseCrashlytics in Frameworks */ = {isa = PBXBuildFile; productRef = 8AFEFBD22901B55500B2AB39 /* FirebaseCrashlytics */; };
		8AFEFBD52901B55500B2AB39 /* FirebaseDynamicLinks in Frameworks */ = {isa = PBXBuildFile; productRef = 8AFEFBD42901B55500B2AB39 /* FirebaseDynamicLinks */; };
		8AFEFBD72901B55500B2AB39 /* FirebaseFirestore in Frameworks */ = {isa = PBXBuildFile; productRef = 8AFEFBD62901B55500B2AB39 /* FirebaseFirestore */; };
		8AFEFBD92901B55500B2AB39 /* FirebaseFirestoreSwift in Frameworks */ = {isa = PBXBuildFile; productRef = 8AFEFBD82901B55500B2AB39 /* FirebaseFirestoreSwift */; };
		8AFEFBDB2901B55500B2AB39 /* FirebaseStorage in Frameworks */ = {isa = PBXBuildFile; productRef = 8AFEFBDA2901B55500B2AB39 /* FirebaseStorage */; };
/* End PBXBuildFile section */

/* Begin PBXFileReference section */
		8A8868E428F447C7007193FF /* CatGram.app */ = {isa = PBXFileReference; explicitFileType = wrapper.application; includeInIndex = 0; path = CatGram.app; sourceTree = BUILT_PRODUCTS_DIR; };
		8A8868E728F447C7007193FF /* CatGramApp.swift */ = {isa = PBXFileReference; lastKnownFileType = sourcecode.swift; path = CatGramApp.swift; sourceTree = "<group>"; };
		8A8868E928F447C7007193FF /* ContentView.swift */ = {isa = PBXFileReference; lastKnownFileType = sourcecode.swift; path = ContentView.swift; sourceTree = "<group>"; };
		8A8868EB28F447C8007193FF /* Assets.xcassets */ = {isa = PBXFileReference; lastKnownFileType = folder.assetcatalog; path = Assets.xcassets; sourceTree = "<group>"; };
		8A8868EE28F447C8007193FF /* Preview Assets.xcassets */ = {isa = PBXFileReference; lastKnownFileType = folder.assetcatalog; path = "Preview Assets.xcassets"; sourceTree = "<group>"; };
		8A8868F928F83F77007193FF /* LaunchScreen.storyboard */ = {isa = PBXFileReference; lastKnownFileType = file.storyboard; path = LaunchScreen.storyboard; sourceTree = "<group>"; };
		8A8868FF28F9BD70007193FF /* CatGram.entitlements */ = {isa = PBXFileReference; lastKnownFileType = text.plist.entitlements; path = CatGram.entitlements; sourceTree = "<group>"; };
		8A88690128F9C166007193FF /* Extensions.swift */ = {isa = PBXFileReference; lastKnownFileType = sourcecode.swift; path = Extensions.swift; sourceTree = "<group>"; };
		8A88690528F9C3F1007193FF /* FeedView.swift */ = {isa = PBXFileReference; lastKnownFileType = sourcecode.swift; path = FeedView.swift; sourceTree = "<group>"; };
		8A88690728F9C4F7007193FF /* PostView.swift */ = {isa = PBXFileReference; lastKnownFileType = sourcecode.swift; path = PostView.swift; sourceTree = "<group>"; };
		8A88690A28FD789C007193FF /* PostModel.swift */ = {isa = PBXFileReference; lastKnownFileType = sourcecode.swift; path = PostModel.swift; sourceTree = "<group>"; };
		8A88690C28FD7CBA007193FF /* PostArrayObject.swift */ = {isa = PBXFileReference; lastKnownFileType = sourcecode.swift; path = PostArrayObject.swift; sourceTree = "<group>"; };
		8A88690E28FD8144007193FF /* CommentsView.swift */ = {isa = PBXFileReference; lastKnownFileType = sourcecode.swift; path = CommentsView.swift; sourceTree = "<group>"; };
		8A88691028FD85BB007193FF /* MessageView.swift */ = {isa = PBXFileReference; lastKnownFileType = sourcecode.swift; path = MessageView.swift; sourceTree = "<group>"; };
		8A88691228FD870F007193FF /* CommentModel.swift */ = {isa = PBXFileReference; lastKnownFileType = sourcecode.swift; path = CommentModel.swift; sourceTree = "<group>"; };
		8A88691428FD8E21007193FF /* BrowseView.swift */ = {isa = PBXFileReference; lastKnownFileType = sourcecode.swift; path = BrowseView.swift; sourceTree = "<group>"; };
		8A88691628FD8F9F007193FF /* CarousselView.swift */ = {isa = PBXFileReference; lastKnownFileType = sourcecode.swift; path = CarousselView.swift; sourceTree = "<group>"; };
		8A88691828FDDB20007193FF /* ImageGridView.swift */ = {isa = PBXFileReference; lastKnownFileType = sourcecode.swift; path = ImageGridView.swift; sourceTree = "<group>"; };
		8A88691A28FDDF66007193FF /* UploadView.swift */ = {isa = PBXFileReference; lastKnownFileType = sourcecode.swift; path = UploadView.swift; sourceTree = "<group>"; };
		8A88691E28FDE949007193FF /* Info.plist */ = {isa = PBXFileReference; lastKnownFileType = text.plist.xml; path = Info.plist; sourceTree = "<group>"; };
		8A88692328FECAAC007193FF /* PostImageView.swift */ = {isa = PBXFileReference; lastKnownFileType = sourcecode.swift; path = PostImageView.swift; sourceTree = "<group>"; };
		8A88692528FEDEF5007193FF /* ImagePicker.swift */ = {isa = PBXFileReference; lastKnownFileType = sourcecode.swift; path = ImagePicker.swift; sourceTree = "<group>"; };
		8A88692728FEE865007193FF /* ProfileView.swift */ = {isa = PBXFileReference; lastKnownFileType = sourcecode.swift; path = ProfileView.swift; sourceTree = "<group>"; };
		8A88692928FEEC61007193FF /* ProfileHeaderView.swift */ = {isa = PBXFileReference; lastKnownFileType = sourcecode.swift; path = ProfileHeaderView.swift; sourceTree = "<group>"; };
		8A88692B28FF0519007193FF /* SettingsView.swift */ = {isa = PBXFileReference; lastKnownFileType = sourcecode.swift; path = SettingsView.swift; sourceTree = "<group>"; };
		8A88692D28FF06FB007193FF /* SettingsLabelView.swift */ = {isa = PBXFileReference; lastKnownFileType = sourcecode.swift; path = SettingsLabelView.swift; sourceTree = "<group>"; };
		8A88692F28FF094A007193FF /* SettingsRowView.swift */ = {isa = PBXFileReference; lastKnownFileType = sourcecode.swift; path = SettingsRowView.swift; sourceTree = "<group>"; };
		8A88693128FF0ED5007193FF /* SettingsEditTextView.swift */ = {isa = PBXFileReference; lastKnownFileType = sourcecode.swift; path = SettingsEditTextView.swift; sourceTree = "<group>"; };
		8A88693328FF2C5C007193FF /* SettingsEditImageView.swift */ = {isa = PBXFileReference; lastKnownFileType = sourcecode.swift; path = SettingsEditImageView.swift; sourceTree = "<group>"; };
		8A88693828FF441D007193FF /* en */ = {isa = PBXFileReference; lastKnownFileType = text.plist.strings; name = en; path = en.lproj/Localizable.strings; sourceTree = "<group>"; };
		8A88693A28FF444E007193FF /* pt-BR */ = {isa = PBXFileReference; lastKnownFileType = text.plist.strings; name = "pt-BR"; path = "pt-BR.lproj/Localizable.strings"; sourceTree = "<group>"; };
		8A8B668F2906DFE00061610C /* SignInWithApple.swift */ = {isa = PBXFileReference; lastKnownFileType = sourcecode.swift; path = SignInWithApple.swift; sourceTree = "<group>"; };
		8A8B66912906E7CA0061610C /* GoogleService-Info.plist */ = {isa = PBXFileReference; fileEncoding = 4; lastKnownFileType = text.plist.xml; path = "GoogleService-Info.plist"; sourceTree = "<group>"; };
		8AC741C12908046200E3DB90 /* AuthService.swift */ = {isa = PBXFileReference; lastKnownFileType = sourcecode.swift; path = AuthService.swift; sourceTree = "<group>"; };
		8AC741C329084E8100E3DB90 /* Enums & Structs.swift */ = {isa = PBXFileReference; lastKnownFileType = sourcecode.swift; path = "Enums & Structs.swift"; sourceTree = "<group>"; };
		8AC741C52908515800E3DB90 /* ImageManager.swift */ = {isa = PBXFileReference; lastKnownFileType = sourcecode.swift; path = ImageManager.swift; sourceTree = "<group>"; };
		8AD111672909BE2000E0439A /* MailSignInView.swift */ = {isa = PBXFileReference; lastKnownFileType = sourcecode.swift; path = MailSignInView.swift; sourceTree = "<group>"; };
		8AD111692909C20D00E0439A /* SignInWithMail.swift */ = {isa = PBXFileReference; lastKnownFileType = sourcecode.swift; path = SignInWithMail.swift; sourceTree = "<group>"; };
		8AD1116E290AB3DD00E0439A /* DataService.swift */ = {isa = PBXFileReference; lastKnownFileType = sourcecode.swift; path = DataService.swift; sourceTree = "<group>"; };
		8AE2CB1A28FF460700486360 /* Localization.swift */ = {isa = PBXFileReference; lastKnownFileType = sourcecode.swift; path = Localization.swift; sourceTree = "<group>"; };
		8AE2CB1C29002D5500486360 /* SignUpView.swift */ = {isa = PBXFileReference; lastKnownFileType = sourcecode.swift; path = SignUpView.swift; sourceTree = "<group>"; };
		8AE2CB202900329A00486360 /* SignInWithAppleButtonCustom.swift */ = {isa = PBXFileReference; lastKnownFileType = sourcecode.swift; path = SignInWithAppleButtonCustom.swift; sourceTree = "<group>"; };
		8AE2CB22290047EE00486360 /* OnboardingView.swift */ = {isa = PBXFileReference; lastKnownFileType = sourcecode.swift; path = OnboardingView.swift; sourceTree = "<group>"; };
		8AE2CB242900698300486360 /* LikeAnimationView.swift */ = {isa = PBXFileReference; lastKnownFileType = sourcecode.swift; path = LikeAnimationView.swift; sourceTree = "<group>"; };
/* End PBXFileReference section */

/* Begin PBXFrameworksBuildPhase section */
		8A8868E128F447C7007193FF /* Frameworks */ = {
			isa = PBXFrameworksBuildPhase;
			buildActionMask = 2147483647;
			files = (
				8AFEFBDB2901B55500B2AB39 /* FirebaseStorage in Frameworks */,
				8AFEFBD32901B55500B2AB39 /* FirebaseCrashlytics in Frameworks */,
				8AFEFBCF2901B55500B2AB39 /* FirebaseAnalytics in Frameworks */,
				8AFEFBD12901B55500B2AB39 /* FirebaseAuth in Frameworks */,
				8AFEFBD52901B55500B2AB39 /* FirebaseDynamicLinks in Frameworks */,
				8AFEFBD72901B55500B2AB39 /* FirebaseFirestore in Frameworks */,
				8AFEFBD92901B55500B2AB39 /* FirebaseFirestoreSwift in Frameworks */,
			);
			runOnlyForDeploymentPostprocessing = 0;
		};
/* End PBXFrameworksBuildPhase section */

/* Begin PBXGroup section */
		8A8868DB28F447C7007193FF = {
			isa = PBXGroup;
			children = (
				8A8868E628F447C7007193FF /* CatGram */,
				8A8868E528F447C7007193FF /* Products */,
				8A8868F628F5A1B3007193FF /* Frameworks */,
			);
			sourceTree = "<group>";
		};
		8A8868E528F447C7007193FF /* Products */ = {
			isa = PBXGroup;
			children = (
				8A8868E428F447C7007193FF /* CatGram.app */,
			);
			name = Products;
			sourceTree = "<group>";
		};
		8A8868E628F447C7007193FF /* CatGram */ = {
			isa = PBXGroup;
			children = (
				8A8B668D2906DFC40061610C /* Services */,
				8A88690928FD788A007193FF /* Model */,
				8A88690028F9C15A007193FF /* Helpers */,
				8A8868FC28F9BCBD007193FF /* Views */,
				8A8868ED28F447C8007193FF /* Preview Content */,
				8A8868FB28F9BC14007193FF /* Utils */,
			);
			path = CatGram;
			sourceTree = "<group>";
		};
		8A8868ED28F447C8007193FF /* Preview Content */ = {
			isa = PBXGroup;
			children = (
				8A8868EE28F447C8007193FF /* Preview Assets.xcassets */,
			);
			path = "Preview Content";
			sourceTree = "<group>";
		};
		8A8868F628F5A1B3007193FF /* Frameworks */ = {
			isa = PBXGroup;
			children = (
			);
			name = Frameworks;
			sourceTree = "<group>";
		};
		8A8868FB28F9BC14007193FF /* Utils */ = {
			isa = PBXGroup;
			children = (
				8A8B66912906E7CA0061610C /* GoogleService-Info.plist */,
				8A88691E28FDE949007193FF /* Info.plist */,
				8A8868FF28F9BD70007193FF /* CatGram.entitlements */,
				8A8868EB28F447C8007193FF /* Assets.xcassets */,
				8A8868F928F83F77007193FF /* LaunchScreen.storyboard */,
				8A88693928FF441D007193FF /* Localizable.strings */,
			);
			path = Utils;
			sourceTree = "<group>";
		};
		8A8868FC28F9BCBD007193FF /* Views */ = {
			isa = PBXGroup;
			children = (
				8A8868FE28F9BCCC007193FF /* Subviews */,
				8A8868FD28F9BCC4007193FF /* Screens */,
			);
			path = Views;
			sourceTree = "<group>";
		};
		8A8868FD28F9BCC4007193FF /* Screens */ = {
			isa = PBXGroup;
			children = (
				8A8868E728F447C7007193FF /* CatGramApp.swift */,
				8A8868E928F447C7007193FF /* ContentView.swift */,
				8A88690528F9C3F1007193FF /* FeedView.swift */,
				8A88690E28FD8144007193FF /* CommentsView.swift */,
				8A88691428FD8E21007193FF /* BrowseView.swift */,
				8A88691A28FDDF66007193FF /* UploadView.swift */,
				8A88692328FECAAC007193FF /* PostImageView.swift */,
				8A88692728FEE865007193FF /* ProfileView.swift */,
				8A88692B28FF0519007193FF /* SettingsView.swift */,
				8A88693128FF0ED5007193FF /* SettingsEditTextView.swift */,
				8A88693328FF2C5C007193FF /* SettingsEditImageView.swift */,
				8AE2CB1C29002D5500486360 /* SignUpView.swift */,
				8AE2CB22290047EE00486360 /* OnboardingView.swift */,
			);
			path = Screens;
			sourceTree = "<group>";
		};
		8A8868FE28F9BCCC007193FF /* Subviews */ = {
			isa = PBXGroup;
			children = (
				8A88690728F9C4F7007193FF /* PostView.swift */,
				8AD111672909BE2000E0439A /* MailSignInView.swift */,
				8A88691028FD85BB007193FF /* MessageView.swift */,
				8A88691628FD8F9F007193FF /* CarousselView.swift */,
				8A88691828FDDB20007193FF /* ImageGridView.swift */,
				8A88692928FEEC61007193FF /* ProfileHeaderView.swift */,
				8A88692D28FF06FB007193FF /* SettingsLabelView.swift */,
				8A88692F28FF094A007193FF /* SettingsRowView.swift */,
				8AE2CB202900329A00486360 /* SignInWithAppleButtonCustom.swift */,
				8AE2CB242900698300486360 /* LikeAnimationView.swift */,
			);
			path = Subviews;
			sourceTree = "<group>";
		};
		8A88690028F9C15A007193FF /* Helpers */ = {
			isa = PBXGroup;
			children = (
				8A88690128F9C166007193FF /* Extensions.swift */,
				8A88692528FEDEF5007193FF /* ImagePicker.swift */,
				8AE2CB1A28FF460700486360 /* Localization.swift */,
				8AC741C329084E8100E3DB90 /* Enums & Structs.swift */,
			);
			path = Helpers;
			sourceTree = "<group>";
		};
		8A88690928FD788A007193FF /* Model */ = {
			isa = PBXGroup;
			children = (
				8A88690A28FD789C007193FF /* PostModel.swift */,
				8A88690C28FD7CBA007193FF /* PostArrayObject.swift */,
				8A88691228FD870F007193FF /* CommentModel.swift */,
			);
			path = Model;
			sourceTree = "<group>";
		};
		8A8B668D2906DFC40061610C /* Services */ = {
			isa = PBXGroup;
			children = (
				8AD11170290ACE4400E0439A /* ImageProvider */,
				8AC741C02908044E00E3DB90 /* Firebase */,
				8A8B668E2906DFCD0061610C /* SignInProviders */,
			);
			path = Services;
			sourceTree = "<group>";
		};
		8A8B668E2906DFCD0061610C /* SignInProviders */ = {
			isa = PBXGroup;
			children = (
				8A8B668F2906DFE00061610C /* SignInWithApple.swift */,
				8AD111692909C20D00E0439A /* SignInWithMail.swift */,
			);
			path = SignInProviders;
			sourceTree = "<group>";
		};
		8AC741C02908044E00E3DB90 /* Firebase */ = {
			isa = PBXGroup;
			children = (
				8AC741C12908046200E3DB90 /* AuthService.swift */,
				8AD1116E290AB3DD00E0439A /* DataService.swift */,
			);
			path = Firebase;
			sourceTree = "<group>";
		};
		8AD11170290ACE4400E0439A /* ImageProvider */ = {
			isa = PBXGroup;
			children = (
				8AC741C52908515800E3DB90 /* ImageManager.swift */,
			);
			path = ImageProvider;
			sourceTree = "<group>";
		};
/* End PBXGroup section */

/* Begin PBXNativeTarget section */
		8A8868E328F447C7007193FF /* CatGram */ = {
			isa = PBXNativeTarget;
			buildConfigurationList = 8A8868F228F447C8007193FF /* Build configuration list for PBXNativeTarget "CatGram" */;
			buildPhases = (
				8A8868E028F447C7007193FF /* Sources */,
				8A8868E128F447C7007193FF /* Frameworks */,
				8A8868E228F447C7007193FF /* Resources */,
			);
			buildRules = (
			);
			dependencies = (
			);
			name = CatGram;
			packageProductDependencies = (
				8AFEFBCE2901B55500B2AB39 /* FirebaseAnalytics */,
				8AFEFBD02901B55500B2AB39 /* FirebaseAuth */,
				8AFEFBD22901B55500B2AB39 /* FirebaseCrashlytics */,
				8AFEFBD42901B55500B2AB39 /* FirebaseDynamicLinks */,
				8AFEFBD62901B55500B2AB39 /* FirebaseFirestore */,
				8AFEFBD82901B55500B2AB39 /* FirebaseFirestoreSwift */,
				8AFEFBDA2901B55500B2AB39 /* FirebaseStorage */,
			);
			productName = CatGram;
			productReference = 8A8868E428F447C7007193FF /* CatGram.app */;
			productType = "com.apple.product-type.application";
		};
/* End PBXNativeTarget section */

/* Begin PBXProject section */
		8A8868DC28F447C7007193FF /* Project object */ = {
			isa = PBXProject;
			attributes = {
				BuildIndependentTargetsInParallel = 1;
				LastSwiftUpdateCheck = 1400;
				LastUpgradeCheck = 1400;
				TargetAttributes = {
					8A8868E328F447C7007193FF = {
						CreatedOnToolsVersion = 14.0.1;
					};
				};
			};
			buildConfigurationList = 8A8868DF28F447C7007193FF /* Build configuration list for PBXProject "CatGram" */;
			compatibilityVersion = "Xcode 14.0";
			developmentRegion = en;
			hasScannedForEncodings = 0;
			knownRegions = (
				en,
				Base,
				"pt-BR",
			);
			mainGroup = 8A8868DB28F447C7007193FF;
			packageReferences = (
				8AFEFBC82901B4D400B2AB39 /* XCRemoteSwiftPackageReference "GoogleSignIn-iOS" */,
				8AFEFBCD2901B55500B2AB39 /* XCRemoteSwiftPackageReference "firebase-ios-sdk" */,
				8AD1116B2909C72700E0439A /* XCRemoteSwiftPackageReference "swiftui-segues" */,
			);
			productRefGroup = 8A8868E528F447C7007193FF /* Products */;
			projectDirPath = "";
			projectRoot = "";
			targets = (
				8A8868E328F447C7007193FF /* CatGram */,
			);
		};
/* End PBXProject section */

/* Begin PBXResourcesBuildPhase section */
		8A8868E228F447C7007193FF /* Resources */ = {
			isa = PBXResourcesBuildPhase;
			buildActionMask = 2147483647;
			files = (
				8A8868FA28F83F77007193FF /* LaunchScreen.storyboard in Resources */,
				8A88693728FF441D007193FF /* Localizable.strings in Resources */,
				8A8B66922906E7CA0061610C /* GoogleService-Info.plist in Resources */,
				8A8868EF28F447C8007193FF /* Preview Assets.xcassets in Resources */,
				8A8868EC28F447C8007193FF /* Assets.xcassets in Resources */,
			);
			runOnlyForDeploymentPostprocessing = 0;
		};
/* End PBXResourcesBuildPhase section */

/* Begin PBXSourcesBuildPhase section */
		8A8868E028F447C7007193FF /* Sources */ = {
			isa = PBXSourcesBuildPhase;
			buildActionMask = 2147483647;
			files = (
				8A88690628F9C3F1007193FF /* FeedView.swift in Sources */,
				8AC741C22908046200E3DB90 /* AuthService.swift in Sources */,
				8A88690B28FD789C007193FF /* PostModel.swift in Sources */,
				8A88692E28FF06FB007193FF /* SettingsLabelView.swift in Sources */,
				8AE2CB212900329A00486360 /* SignInWithAppleButtonCustom.swift in Sources */,
				8A88691728FD8F9F007193FF /* CarousselView.swift in Sources */,
				8A8868EA28F447C7007193FF /* ContentView.swift in Sources */,
				8A88691128FD85BB007193FF /* MessageView.swift in Sources */,
				8A88690228F9C166007193FF /* Extensions.swift in Sources */,
				8AC741C62908515800E3DB90 /* ImageManager.swift in Sources */,
				8A88691928FDDB20007193FF /* ImageGridView.swift in Sources */,
				8A88690D28FD7CBA007193FF /* PostArrayObject.swift in Sources */,
				8A8B66902906DFE00061610C /* SignInWithApple.swift in Sources */,
				8A88690828F9C4F7007193FF /* PostView.swift in Sources */,
				8A88692828FEE865007193FF /* ProfileView.swift in Sources */,
				8A88691528FD8E21007193FF /* BrowseView.swift in Sources */,
				8A88691328FD870F007193FF /* CommentModel.swift in Sources */,
				8A88693428FF2C5C007193FF /* SettingsEditImageView.swift in Sources */,
				8AE2CB1B28FF460700486360 /* Localization.swift in Sources */,
				8A88691B28FDDF66007193FF /* UploadView.swift in Sources */,
				8AE2CB1D29002D5500486360 /* SignUpView.swift in Sources */,
				8A88692A28FEEC61007193FF /* ProfileHeaderView.swift in Sources */,
				8AC741C429084E8100E3DB90 /* Enums & Structs.swift in Sources */,
				8A88690F28FD8144007193FF /* CommentsView.swift in Sources */,
				8AD111682909BE2000E0439A /* MailSignInView.swift in Sources */,
				8A88692628FEDEF5007193FF /* ImagePicker.swift in Sources */,
				8A88692428FECAAC007193FF /* PostImageView.swift in Sources */,
				8A8868E828F447C7007193FF /* CatGramApp.swift in Sources */,
				8A88692C28FF0519007193FF /* SettingsView.swift in Sources */,
				8A88693228FF0ED5007193FF /* SettingsEditTextView.swift in Sources */,
				8A88693028FF094A007193FF /* SettingsRowView.swift in Sources */,
				8AD1116A2909C20D00E0439A /* SignInWithMail.swift in Sources */,
				8AE2CB23290047EE00486360 /* OnboardingView.swift in Sources */,
				8AE2CB252900698300486360 /* LikeAnimationView.swift in Sources */,
				8AD1116F290AB3DD00E0439A /* DataService.swift in Sources */,
			);
			runOnlyForDeploymentPostprocessing = 0;
		};
/* End PBXSourcesBuildPhase section */

/* Begin PBXVariantGroup section */
		8A88693928FF441D007193FF /* Localizable.strings */ = {
			isa = PBXVariantGroup;
			children = (
				8A88693828FF441D007193FF /* en */,
				8A88693A28FF444E007193FF /* pt-BR */,
			);
			name = Localizable.strings;
			sourceTree = "<group>";
		};
/* End PBXVariantGroup section */

/* Begin XCBuildConfiguration section */
		8A8868F028F447C8007193FF /* Debug */ = {
			isa = XCBuildConfiguration;
			buildSettings = {
				ALWAYS_SEARCH_USER_PATHS = NO;
				CLANG_ANALYZER_LOCALIZABILITY_NONLOCALIZED = YES;
				CLANG_ANALYZER_NONNULL = YES;
				CLANG_ANALYZER_NUMBER_OBJECT_CONVERSION = YES_AGGRESSIVE;
				CLANG_CXX_LANGUAGE_STANDARD = "gnu++20";
				CLANG_ENABLE_MODULES = YES;
				CLANG_ENABLE_OBJC_ARC = YES;
				CLANG_ENABLE_OBJC_WEAK = YES;
				CLANG_WARN_BLOCK_CAPTURE_AUTORELEASING = YES;
				CLANG_WARN_BOOL_CONVERSION = YES;
				CLANG_WARN_COMMA = YES;
				CLANG_WARN_CONSTANT_CONVERSION = YES;
				CLANG_WARN_DEPRECATED_OBJC_IMPLEMENTATIONS = YES;
				CLANG_WARN_DIRECT_OBJC_ISA_USAGE = YES_ERROR;
				CLANG_WARN_DOCUMENTATION_COMMENTS = YES;
				CLANG_WARN_EMPTY_BODY = YES;
				CLANG_WARN_ENUM_CONVERSION = YES;
				CLANG_WARN_INFINITE_RECURSION = YES;
				CLANG_WARN_INT_CONVERSION = YES;
				CLANG_WARN_NON_LITERAL_NULL_CONVERSION = YES;
				CLANG_WARN_OBJC_IMPLICIT_RETAIN_SELF = YES;
				CLANG_WARN_OBJC_LITERAL_CONVERSION = YES;
				CLANG_WARN_OBJC_ROOT_CLASS = YES_ERROR;
				CLANG_WARN_QUOTED_INCLUDE_IN_FRAMEWORK_HEADER = YES;
				CLANG_WARN_RANGE_LOOP_ANALYSIS = YES;
				CLANG_WARN_STRICT_PROTOTYPES = YES;
				CLANG_WARN_SUSPICIOUS_MOVE = YES;
				CLANG_WARN_UNGUARDED_AVAILABILITY = YES_AGGRESSIVE;
				CLANG_WARN_UNREACHABLE_CODE = YES;
				CLANG_WARN__DUPLICATE_METHOD_MATCH = YES;
				COPY_PHASE_STRIP = NO;
				DEBUG_INFORMATION_FORMAT = dwarf;
				ENABLE_STRICT_OBJC_MSGSEND = YES;
				ENABLE_TESTABILITY = YES;
				GCC_C_LANGUAGE_STANDARD = gnu11;
				GCC_DYNAMIC_NO_PIC = NO;
				GCC_NO_COMMON_BLOCKS = YES;
				GCC_OPTIMIZATION_LEVEL = 0;
				GCC_PREPROCESSOR_DEFINITIONS = (
					"DEBUG=1",
					"$(inherited)",
				);
				GCC_WARN_64_TO_32_BIT_CONVERSION = YES;
				GCC_WARN_ABOUT_RETURN_TYPE = YES_ERROR;
				GCC_WARN_UNDECLARED_SELECTOR = YES;
				GCC_WARN_UNINITIALIZED_AUTOS = YES_AGGRESSIVE;
				GCC_WARN_UNUSED_FUNCTION = YES;
				GCC_WARN_UNUSED_VARIABLE = YES;
				IPHONEOS_DEPLOYMENT_TARGET = 16.0;
				MTL_ENABLE_DEBUG_INFO = INCLUDE_SOURCE;
				MTL_FAST_MATH = YES;
				ONLY_ACTIVE_ARCH = YES;
				SDKROOT = iphoneos;
				SWIFT_ACTIVE_COMPILATION_CONDITIONS = DEBUG;
				SWIFT_OPTIMIZATION_LEVEL = "-Onone";
			};
			name = Debug;
		};
		8A8868F128F447C8007193FF /* Release */ = {
			isa = XCBuildConfiguration;
			buildSettings = {
				ALWAYS_SEARCH_USER_PATHS = NO;
				CLANG_ANALYZER_LOCALIZABILITY_NONLOCALIZED = YES;
				CLANG_ANALYZER_NONNULL = YES;
				CLANG_ANALYZER_NUMBER_OBJECT_CONVERSION = YES_AGGRESSIVE;
				CLANG_CXX_LANGUAGE_STANDARD = "gnu++20";
				CLANG_ENABLE_MODULES = YES;
				CLANG_ENABLE_OBJC_ARC = YES;
				CLANG_ENABLE_OBJC_WEAK = YES;
				CLANG_WARN_BLOCK_CAPTURE_AUTORELEASING = YES;
				CLANG_WARN_BOOL_CONVERSION = YES;
				CLANG_WARN_COMMA = YES;
				CLANG_WARN_CONSTANT_CONVERSION = YES;
				CLANG_WARN_DEPRECATED_OBJC_IMPLEMENTATIONS = YES;
				CLANG_WARN_DIRECT_OBJC_ISA_USAGE = YES_ERROR;
				CLANG_WARN_DOCUMENTATION_COMMENTS = YES;
				CLANG_WARN_EMPTY_BODY = YES;
				CLANG_WARN_ENUM_CONVERSION = YES;
				CLANG_WARN_INFINITE_RECURSION = YES;
				CLANG_WARN_INT_CONVERSION = YES;
				CLANG_WARN_NON_LITERAL_NULL_CONVERSION = YES;
				CLANG_WARN_OBJC_IMPLICIT_RETAIN_SELF = YES;
				CLANG_WARN_OBJC_LITERAL_CONVERSION = YES;
				CLANG_WARN_OBJC_ROOT_CLASS = YES_ERROR;
				CLANG_WARN_QUOTED_INCLUDE_IN_FRAMEWORK_HEADER = YES;
				CLANG_WARN_RANGE_LOOP_ANALYSIS = YES;
				CLANG_WARN_STRICT_PROTOTYPES = YES;
				CLANG_WARN_SUSPICIOUS_MOVE = YES;
				CLANG_WARN_UNGUARDED_AVAILABILITY = YES_AGGRESSIVE;
				CLANG_WARN_UNREACHABLE_CODE = YES;
				CLANG_WARN__DUPLICATE_METHOD_MATCH = YES;
				COPY_PHASE_STRIP = NO;
				DEBUG_INFORMATION_FORMAT = "dwarf-with-dsym";
				ENABLE_NS_ASSERTIONS = NO;
				ENABLE_STRICT_OBJC_MSGSEND = YES;
				GCC_C_LANGUAGE_STANDARD = gnu11;
				GCC_NO_COMMON_BLOCKS = YES;
				GCC_WARN_64_TO_32_BIT_CONVERSION = YES;
				GCC_WARN_ABOUT_RETURN_TYPE = YES_ERROR;
				GCC_WARN_UNDECLARED_SELECTOR = YES;
				GCC_WARN_UNINITIALIZED_AUTOS = YES_AGGRESSIVE;
				GCC_WARN_UNUSED_FUNCTION = YES;
				GCC_WARN_UNUSED_VARIABLE = YES;
				IPHONEOS_DEPLOYMENT_TARGET = 16.0;
				MTL_ENABLE_DEBUG_INFO = NO;
				MTL_FAST_MATH = YES;
				SDKROOT = iphoneos;
				SWIFT_COMPILATION_MODE = wholemodule;
				SWIFT_OPTIMIZATION_LEVEL = "-O";
				VALIDATE_PRODUCT = YES;
			};
			name = Release;
		};
		8A8868F328F447C8007193FF /* Debug */ = {
			isa = XCBuildConfiguration;
			buildSettings = {
				ASSETCATALOG_COMPILER_APPICON_NAME = AppIcon;
				ASSETCATALOG_COMPILER_GLOBAL_ACCENT_COLOR_NAME = AccentColor;
				CODE_SIGN_ENTITLEMENTS = CatGram/Utils/CatGram.entitlements;
				CODE_SIGN_STYLE = Automatic;
				CURRENT_PROJECT_VERSION = 1;
				DEVELOPMENT_ASSET_PATHS = "\"CatGram/Preview Content\"";
				DEVELOPMENT_TEAM = P2J629LV45;
				ENABLE_PREVIEWS = YES;
				GENERATE_INFOPLIST_FILE = YES;
				INFOPLIST_FILE = CatGram/Utils/Info.plist;
				INFOPLIST_KEY_CFBundleDisplayName = CatGram;
				INFOPLIST_KEY_LSApplicationCategoryType = "public.app-category.social-networking";
				INFOPLIST_KEY_NSCameraUsageDescription = "This app uses the camera at the user's request to take a photo.";
				INFOPLIST_KEY_NSPhotoLibraryUsageDescription = "This allows the app to access the photo library to import or save a photo at the user's request";
				INFOPLIST_KEY_UIApplicationSceneManifest_Generation = YES;
				INFOPLIST_KEY_UIApplicationSupportsIndirectInputEvents = YES;
				INFOPLIST_KEY_UILaunchScreen_Generation = YES;
				INFOPLIST_KEY_UILaunchStoryboardName = LaunchScreen.storyboard;
				INFOPLIST_KEY_UISupportedInterfaceOrientations = UIInterfaceOrientationPortrait;
				LD_RUNPATH_SEARCH_PATHS = (
					"$(inherited)",
					"@executable_path/Frameworks",
				);
				MARKETING_VERSION = 0.3.0;
				PRODUCT_BUNDLE_IDENTIFIER = com.iuryvasconcelos.CatGram;
				PRODUCT_NAME = "$(TARGET_NAME)";
				SUPPORTED_PLATFORMS = "iphoneos iphonesimulator";
				SUPPORTS_MACCATALYST = NO;
				SUPPORTS_MAC_DESIGNED_FOR_IPHONE_IPAD = NO;
				SWIFT_EMIT_LOC_STRINGS = YES;
				SWIFT_VERSION = 5.0;
				TARGETED_DEVICE_FAMILY = 1;
			};
			name = Debug;
		};
		8A8868F428F447C8007193FF /* Release */ = {
			isa = XCBuildConfiguration;
			buildSettings = {
				ASSETCATALOG_COMPILER_APPICON_NAME = AppIcon;
				ASSETCATALOG_COMPILER_GLOBAL_ACCENT_COLOR_NAME = AccentColor;
				CODE_SIGN_ENTITLEMENTS = CatGram/Utils/CatGram.entitlements;
				CODE_SIGN_STYLE = Automatic;
				CURRENT_PROJECT_VERSION = 1;
				DEVELOPMENT_ASSET_PATHS = "\"CatGram/Preview Content\"";
				DEVELOPMENT_TEAM = P2J629LV45;
				ENABLE_PREVIEWS = YES;
				GENERATE_INFOPLIST_FILE = YES;
				INFOPLIST_FILE = CatGram/Utils/Info.plist;
				INFOPLIST_KEY_CFBundleDisplayName = CatGram;
				INFOPLIST_KEY_LSApplicationCategoryType = "public.app-category.social-networking";
				INFOPLIST_KEY_NSCameraUsageDescription = "This app uses the camera at the user's request to take a photo.";
				INFOPLIST_KEY_NSPhotoLibraryUsageDescription = "This allows the app to access the photo library to import or save a photo at the user's request";
				INFOPLIST_KEY_UIApplicationSceneManifest_Generation = YES;
				INFOPLIST_KEY_UIApplicationSupportsIndirectInputEvents = YES;
				INFOPLIST_KEY_UILaunchScreen_Generation = YES;
				INFOPLIST_KEY_UILaunchStoryboardName = LaunchScreen.storyboard;
				INFOPLIST_KEY_UISupportedInterfaceOrientations = UIInterfaceOrientationPortrait;
				LD_RUNPATH_SEARCH_PATHS = (
					"$(inherited)",
					"@executable_path/Frameworks",
				);
				MARKETING_VERSION = 0.3.0;
				PRODUCT_BUNDLE_IDENTIFIER = com.iuryvasconcelos.CatGram;
				PRODUCT_NAME = "$(TARGET_NAME)";
				SUPPORTED_PLATFORMS = "iphoneos iphonesimulator";
				SUPPORTS_MACCATALYST = NO;
				SUPPORTS_MAC_DESIGNED_FOR_IPHONE_IPAD = NO;
				SWIFT_EMIT_LOC_STRINGS = YES;
				SWIFT_VERSION = 5.0;
				TARGETED_DEVICE_FAMILY = 1;
			};
			name = Release;
		};
/* End XCBuildConfiguration section */

/* Begin XCConfigurationList section */
		8A8868DF28F447C7007193FF /* Build configuration list for PBXProject "CatGram" */ = {
			isa = XCConfigurationList;
			buildConfigurations = (
				8A8868F028F447C8007193FF /* Debug */,
				8A8868F128F447C8007193FF /* Release */,
			);
			defaultConfigurationIsVisible = 0;
			defaultConfigurationName = Release;
		};
		8A8868F228F447C8007193FF /* Build configuration list for PBXNativeTarget "CatGram" */ = {
			isa = XCConfigurationList;
			buildConfigurations = (
				8A8868F328F447C8007193FF /* Debug */,
				8A8868F428F447C8007193FF /* Release */,
			);
			defaultConfigurationIsVisible = 0;
			defaultConfigurationName = Release;
		};
/* End XCConfigurationList section */

/* Begin XCRemoteSwiftPackageReference section */
		8AD1116B2909C72700E0439A /* XCRemoteSwiftPackageReference "swiftui-segues" */ = {
			isa = XCRemoteSwiftPackageReference;
			repositoryURL = "https://github.com/globulus/swiftui-segues";
			requirement = {
				kind = upToNextMajorVersion;
				minimumVersion = 1.0.0;
			};
		};
		8AFEFBC82901B4D400B2AB39 /* XCRemoteSwiftPackageReference "GoogleSignIn-iOS" */ = {
			isa = XCRemoteSwiftPackageReference;
			repositoryURL = "https://github.com/google/GoogleSignIn-iOS";
			requirement = {
				kind = upToNextMinorVersion;
				minimumVersion = 6.2.0;
			};
		};
		8AFEFBCD2901B55500B2AB39 /* XCRemoteSwiftPackageReference "firebase-ios-sdk" */ = {
			isa = XCRemoteSwiftPackageReference;
			repositoryURL = "https://github.com/firebase/firebase-ios-sdk";
			requirement = {
				kind = upToNextMinorVersion;
				minimumVersion = 9.6.0;
			};
		};
/* End XCRemoteSwiftPackageReference section */

/* Begin XCSwiftPackageProductDependency section */
		8AFEFBCE2901B55500B2AB39 /* FirebaseAnalytics */ = {
			isa = XCSwiftPackageProductDependency;
			package = 8AFEFBCD2901B55500B2AB39 /* XCRemoteSwiftPackageReference "firebase-ios-sdk" */;
			productName = FirebaseAnalytics;
		};
		8AFEFBD02901B55500B2AB39 /* FirebaseAuth */ = {
			isa = XCSwiftPackageProductDependency;
			package = 8AFEFBCD2901B55500B2AB39 /* XCRemoteSwiftPackageReference "firebase-ios-sdk" */;
			productName = FirebaseAuth;
		};
		8AFEFBD22901B55500B2AB39 /* FirebaseCrashlytics */ = {
			isa = XCSwiftPackageProductDependency;
			package = 8AFEFBCD2901B55500B2AB39 /* XCRemoteSwiftPackageReference "firebase-ios-sdk" */;
			productName = FirebaseCrashlytics;
		};
		8AFEFBD42901B55500B2AB39 /* FirebaseDynamicLinks */ = {
			isa = XCSwiftPackageProductDependency;
			package = 8AFEFBCD2901B55500B2AB39 /* XCRemoteSwiftPackageReference "firebase-ios-sdk" */;
			productName = FirebaseDynamicLinks;
		};
		8AFEFBD62901B55500B2AB39 /* FirebaseFirestore */ = {
			isa = XCSwiftPackageProductDependency;
			package = 8AFEFBCD2901B55500B2AB39 /* XCRemoteSwiftPackageReference "firebase-ios-sdk" */;
			productName = FirebaseFirestore;
		};
		8AFEFBD82901B55500B2AB39 /* FirebaseFirestoreSwift */ = {
			isa = XCSwiftPackageProductDependency;
			package = 8AFEFBCD2901B55500B2AB39 /* XCRemoteSwiftPackageReference "firebase-ios-sdk" */;
			productName = FirebaseFirestoreSwift;
		};
		8AFEFBDA2901B55500B2AB39 /* FirebaseStorage */ = {
			isa = XCSwiftPackageProductDependency;
			package = 8AFEFBCD2901B55500B2AB39 /* XCRemoteSwiftPackageReference "firebase-ios-sdk" */;
			productName = FirebaseStorage;
		};
/* End XCSwiftPackageProductDependency section */
	};
	rootObject = 8A8868DC28F447C7007193FF /* Project object */;
}
